
Microsoft Visual Studio Solution File, Format Version 12.00
# Visual Studio Version 16
VisualStudioVersion = 16.0.31727.386
MinimumVisualStudioVersion = 10.0.40219.1
Project("{9A19103F-16F7-4668-BE54-9A1E7A4F7556}") = "Payroll", "Payroll\Payroll.csproj", "{EED7A68B-B19C-4A93-B8B7-7A4FAF9399DC}"
EndProject
Project("{9A19103F-16F7-4668-BE54-9A1E7A4F7556}") = "PayrollTests", "PayrollTests\PayrollTests.csproj", "{AFDE0764-67E3-4692-9079-7F355BCB8487}"
EndProject
Project("{2150E333-8FDC-42A3-9474-1A3956D46DE8}") = "Solution Items", "Solution Items", "{D4F6CFFA-B43C-497D-BD55-A4A215FFCEE6}"
	ProjectSection(SolutionItems) = preProject
		accounts.txt = accounts.txt
	EndProjectSection
EndProject
Global
	GlobalSection(SolutionConfigurationPlatforms) = preSolution
		Debug|Any CPU = Debug|Any CPU
		Release|Any CPU = Release|Any CPU
	EndGlobalSection
	GlobalSection(ProjectConfigurationPlatforms) = postSolution
		{EED7A68B-B19C-4A93-B8B7-7A4FAF9399DC}.Debug|Any CPU.ActiveCfg = Debug|Any CPU
		{EED7A68B-B19C-4A93-B8B7-7A4FAF9399DC}.Debug|Any CPU.Build.0 = Debug|Any CPU
		{EED7A68B-B19C-4A93-B8B7-7A4FAF9399DC}.Release|Any CPU.ActiveCfg = Release|Any CPU
		{EED7A68B-B19C-4A93-B8B7-7A4FAF9399DC}.Release|Any CPU.Build.0 = Release|Any CPU
		{AFDE0764-67E3-4692-9079-7F355BCB8487}.Debug|Any CPU.ActiveCfg = Debug|Any CPU
		{AFDE0764-67E3-4692-9079-7F355BCB8487}.Debug|Any CPU.Build.0 = Debug|Any CPU
		{AFDE0764-67E3-4692-9079-7F355BCB8487}.Release|Any CPU.ActiveCfg = Release|Any CPU
		{AFDE0764-67E3-4692-9079-7F355BCB8487}.Release|Any CPU.Build.0 = Release|Any CPU
	EndGlobalSection
	GlobalSection(SolutionProperties) = preSolution
		HideSolutionNode = FALSE
	EndGlobalSection
	GlobalSection(ExtensibilityGlobals) = postSolution
		SolutionGuid = {4198D111-89A4-433F-92D0-7406A32C0676}
	EndGlobalSection
EndGlobal
